{
  "projects": [
    {
      "projectId": "8PtdGodUbexNYgkuyBUcWu",
      "version": "3.33.0",
      "dependencies": {},
      "lang": "js",
      "fileLocks": [
        {
          "assetId": "8PtdGodUbexNYgkuyBUcWu",
          "type": "projectCss",
          "checksum": "d0036c38cf1abb3618c71ab68a296b2b"
        },
        {
          "assetId": "8PtdGodUbexNYgkuyBUcWu",
          "checksum": "c34deae3be4116372b8f09a576ea3a01",
          "type": "globalContexts"
        },
        {
          "assetId": "8PtdGodUbexNYgkuyBUcWu",
          "checksum": "23e35f9a7b22b3e265a5e7ef8ec77a00",
          "type": "projectModule"
        },
        {
          "assetId": "8PtdGodUbexNYgkuyBUcWu",
          "checksum": "e3a9e005a65ce098f4654b561c427772",
          "type": "styleTokensProvider"
        }
      ],
      "codegenVersion": "0.0.2"
    },
    {
      "projectId": "gmeH6XgPaBtkt51HunAo4g",
      "version": "18.28.0",
      "dependencies": {},
      "lang": "js",
      "fileLocks": [
        {
          "assetId": "gmeH6XgPaBtkt51HunAo4g",
          "type": "projectCss",
          "checksum": "56a5d447501c0753e4cf451641894e78"
        },
        {
          "assetId": "gmeH6XgPaBtkt51HunAo4g",
          "checksum": "b257914c183ee7b8f06149f466106930",
          "type": "projectModule"
        },
        {
          "assetId": "gmeH6XgPaBtkt51HunAo4g",
          "checksum": "4b5f09b218e05c2944d99d725c0d2de2",
          "type": "styleTokensProvider"
        }
      ],
      "codegenVersion": "0.0.2"
    },
    {
      "projectId": "ddT7wfnzx79n44ty2Sa9LN",
      "version": "latest",
      "dependencies": {
        "gmeH6XgPaBtkt51HunAo4g": "18.28.0",
        "8PtdGodUbexNYgkuyBUcWu": "3.33.0"
      },
      "lang": "js",
      "fileLocks": [
        {
          "type": "globalVariant",
          "assetId": "EpPsfinF5moi",
          "checksum": "70a600679959df64815f8d80a72ae346"
        },
        {
          "assetId": "ddT7wfnzx79n44ty2Sa9LN",
          "type": "projectCss",
          "checksum": "9f2bcc67900bf30c85b9202682ac0c17"
        },
        {
          "assetId": "ddT7wfnzx79n44ty2Sa9LN",
          "checksum": "e4a9e493c4abbb2e5ed6126f3b659c32",
          "type": "globalContexts"
        },
        {
          "assetId": "ddT7wfnzx79n44ty2Sa9LN",
          "checksum": "329f7bed77fc6888bcff493f75bf79f1",
          "type": "projectModule"
        },
        {
          "assetId": "ddT7wfnzx79n44ty2Sa9LN",
          "checksum": "eaa422e21d79d746f941b2717e085ea4",
          "type": "styleTokensProvider"
        },
        {
          "type": "renderModule",
          "assetId": "CjW_uf26hcT1",
          "checksum": "f80af3f2b678d404e772a382527332e3"
        },
        {
          "type": "cssRules",
          "assetId": "CjW_uf26hcT1",
          "checksum": "f80af3f2b678d404e772a382527332e3"
        },
        {
          "type": "renderModule",
          "assetId": "9xYtXO7cVVe8",
          "checksum": "5c21f89375fb449db8a29d060e1bff6f"
        },
        {
          "type": "cssRules",
          "assetId": "9xYtXO7cVVe8",
          "checksum": "5c21f89375fb449db8a29d060e1bff6f"
        },
        {
          "type": "renderModule",
          "assetId": "5znD7LWCezdD",
          "checksum": "4830999d2810ff6e81fc5042c5f254b0"
        },
        {
          "type": "cssRules",
          "assetId": "5znD7LWCezdD",
          "checksum": "4830999d2810ff6e81fc5042c5f254b0"
        },
        {
          "type": "renderModule",
          "assetId": "r_xQ7Ed3mzqm",
          "checksum": "7b24fb55245b6a1e41c8297ab1b8cde4"
        },
        {
          "type": "cssRules",
          "assetId": "r_xQ7Ed3mzqm",
          "checksum": "7b24fb55245b6a1e41c8297ab1b8cde4"
        },
        {
          "type": "renderModule",
          "assetId": "rguO93qdrdmy",
          "checksum": "24d2b6f139e35f56fd6bd9dde2b2b385"
        },
        {
          "type": "cssRules",
          "assetId": "rguO93qdrdmy",
          "checksum": "24d2b6f139e35f56fd6bd9dde2b2b385"
        },
        {
          "type": "renderModule",
          "assetId": "G81nQ8nVaFOJ",
          "checksum": "ba6132d7454c1e62e1f479d0e23ccd7b"
        },
        {
          "type": "cssRules",
          "assetId": "G81nQ8nVaFOJ",
          "checksum": "ba6132d7454c1e62e1f479d0e23ccd7b"
        },
        {
          "type": "renderModule",
          "assetId": "P4dE_Fu5g6AO",
          "checksum": "daf1d0493df54c3ea5205665b6abe990"
        },
        {
          "type": "cssRules",
          "assetId": "P4dE_Fu5g6AO",
          "checksum": "daf1d0493df54c3ea5205665b6abe990"
        },
        {
          "type": "renderModule",
          "assetId": "3gajbdrYBuNs",
          "checksum": "5e14f7efb0ae6d91a8cad46ffe18d4cc"
        },
        {
          "type": "cssRules",
          "assetId": "3gajbdrYBuNs",
          "checksum": "5e14f7efb0ae6d91a8cad46ffe18d4cc"
        },
        {
          "type": "renderModule",
          "assetId": "FaA3IDHDcZY1",
          "checksum": "7d76c39341c6aa5805814ffb49f1e0ac"
        },
        {
          "type": "cssRules",
          "assetId": "FaA3IDHDcZY1",
          "checksum": "7d76c39341c6aa5805814ffb49f1e0ac"
        },
        {
          "type": "renderModule",
          "assetId": "SfZdM_tpt9yO",
          "checksum": "160051dbafb8497fa05c1cb6ead231f7"
        },
        {
          "type": "cssRules",
          "assetId": "SfZdM_tpt9yO",
          "checksum": "160051dbafb8497fa05c1cb6ead231f7"
        },
        {
          "type": "renderModule",
          "assetId": "tcbz7UgrrC9_",
          "checksum": "1ca2df0deaa16ddd5fda8aeeef4124a9"
        },
        {
          "type": "cssRules",
          "assetId": "tcbz7UgrrC9_",
          "checksum": "1ca2df0deaa16ddd5fda8aeeef4124a9"
        },
        {
          "type": "renderModule",
          "assetId": "Qi87c132RvNH",
          "checksum": "3c7a28e9b01e51e867fe58d89cdd04f3"
        },
        {
          "type": "cssRules",
          "assetId": "Qi87c132RvNH",
          "checksum": "3c7a28e9b01e51e867fe58d89cdd04f3"
        },
        {
          "type": "icon",
          "assetId": "9GeQGYhApM3W",
          "checksum": "799aad72af9261ec8a104d7d6426b9c8"
        },
        {
          "type": "icon",
          "assetId": "bdVbgoNOo6C7",
          "checksum": "eafc49a4fa92c82b28f33524ea0c2e09"
        },
        {
          "type": "icon",
          "assetId": "ro_XxoecI0Ma",
          "checksum": "c66c0a08158f250baeb881f229d17e24"
        },
        {
          "type": "icon",
          "assetId": "yTMaPiGVwqJX",
          "checksum": "cb60e82e8622d34737cba97795bb5790"
        },
        {
          "type": "icon",
          "assetId": "xiv_f4cuMAMF",
          "checksum": "17a69453fcc425a0ea0866f95c50f531"
        },
        {
          "type": "icon",
          "assetId": "XfLh9yGORwfX",
          "checksum": "e5b875439eaeb702ce271e02b0bb8656"
        },
        {
          "type": "icon",
          "assetId": "NKLBvGbRCB55",
          "checksum": "3e2b2f661d61f8c60832794828c2284e"
        },
        {
          "type": "icon",
          "assetId": "1Wm2sHRhIYtr",
          "checksum": "457177a5ca0dff7d46ee597cb2a0ef18"
        },
        {
          "type": "icon",
          "assetId": "dxK1ixTNzAEl",
          "checksum": "0952b91d10b22bc8c4d278f2f715d603"
        },
        {
          "type": "icon",
          "assetId": "fUWZb7r3FcOT",
          "checksum": "c70804c388c59be69546a207e8a09008"
        },
        {
          "type": "icon",
          "assetId": "5riQ2OyNdWz4",
          "checksum": "5b319781ec34d3f59a5123d11ae777ef"
        },
        {
          "type": "image",
          "assetId": "cjT3ve0L8LI6",
          "checksum": "6f9556c740e29b29a04023a8c3af8f62"
        },
        {
          "type": "image",
          "assetId": "owkZv7e0Kp9M",
          "checksum": "ea30c7f07a1a25e3be3bcc274229b138"
        },
        {
          "type": "image",
          "assetId": "luCnGTh6nG8g",
          "checksum": "7c1c50a9156fe175eafaaf6f1c7ac208"
        },
        {
          "type": "image",
          "assetId": "S3tc_X1TlKcq",
          "checksum": "b3bc5f5b23433a09520b51dd67142162"
        },
        {
          "type": "image",
          "assetId": "wab7oqFsVcaQ",
          "checksum": "ac3fbd9f81bad2b46b0a2ee7aae83808"
        },
        {
          "type": "image",
          "assetId": "CEnf1M8_Ouqk",
          "checksum": "0531e2fff4bfd18807573fcae983aeea"
        },
        {
          "type": "image",
          "assetId": "u-FxeEaOyrUD",
          "checksum": "6ead8dd7d9e678dbe0447483becd7dd7"
        },
        {
          "type": "image",
          "assetId": "kwazhMNvqYrV",
          "checksum": "f77c6eb4c6fc905e21cbc53e00f588fc"
        },
        {
          "type": "image",
          "assetId": "DAFVZ2LISD-s",
          "checksum": "f0218d3ec5b34cc42dc3d019b55f352f"
        },
        {
          "type": "image",
          "assetId": "i7pu3j-ntZon",
          "checksum": "d84ad5093793f3cb3398231cd01bcd2b"
        },
        {
          "type": "image",
          "assetId": "RKp410E8QR6v",
          "checksum": "0f683693354d98cac14bda854beae6b9"
        },
        {
          "type": "image",
          "assetId": "Xjem2MSZu-Xq",
          "checksum": "4a056f6848d7dcb7b9e8b6cce61aad1c"
        },
        {
          "type": "image",
          "assetId": "ou1DjKJr8abj",
          "checksum": "080f7a981ac1acf2adfb618be765072c"
        },
        {
          "type": "image",
          "assetId": "t55PWhvT_Ztg",
          "checksum": "b33fc338227ce39a7924a52bd30b256c"
        },
        {
          "type": "image",
          "assetId": "TE1aqalEnAYi",
          "checksum": "25e8bed03f3e114e468784d63f6fb2f0"
        },
        {
          "type": "image",
          "assetId": "F7vYg4AGhltq",
          "checksum": "689e33a0ca38bfe0b04d7996dc7cc9ca"
        },
        {
          "type": "image",
          "assetId": "QgjfEoYi9Wvd",
          "checksum": "dce95bd9008e71665d7fcf1cf56b114f"
        },
        {
          "type": "image",
          "assetId": "Av2OHBQ7fUmN",
          "checksum": "2ebf014245774d59ae7240f325c5d59f"
        },
        {
          "type": "image",
          "assetId": "8NwjWfvAy7Nl",
          "checksum": "4215c2167dfbd7e4b4eba75dfc7327d2"
        },
        {
          "type": "image",
          "assetId": "6vMba0H8YP3l",
          "checksum": "931c169bb90022a739576b27cfde902e"
        },
        {
          "type": "image",
          "assetId": "GFxBUyF9uLAZ",
          "checksum": "faf65d102cd6339c64faac820276a5ba"
        },
        {
          "type": "image",
          "assetId": "sbdqY-6ftHiW",
          "checksum": "dca2ec7bd38c95e9f95b40b1de6c9b47"
        },
        {
          "type": "image",
          "assetId": "7oZcZDiitQm6",
          "checksum": "2d70887705a0bd83570c017be035543e"
        },
        {
          "type": "image",
          "assetId": "dfIm-zEqF8FQ",
          "checksum": "f512aaec91654ce170cd97e54571eab3"
        },
        {
          "type": "image",
          "assetId": "Uvf-z0fIQSPQ",
          "checksum": "b7dfe0c601699f1a852add7206feca41"
        },
        {
          "type": "image",
          "assetId": "R1oSNy4mpBw6",
          "checksum": "cec0ed2cde9c5b4eac606067ff29b3ae"
        },
        {
          "type": "image",
          "assetId": "XyFQaNmcDPlY",
          "checksum": "11a24bea34f48848eb492bfd075027e6"
        },
        {
          "type": "image",
          "assetId": "84MTFF4cCnL-",
          "checksum": "a5a1b115941ac5da8f04c59a5c1eeee3"
        },
        {
          "type": "image",
          "assetId": "E2Pv6qyAwqu6",
          "checksum": "234368a34118b2c72f80b0eb3344c9ab"
        },
        {
          "type": "image",
          "assetId": "m7kVCXkmRRrI",
          "checksum": "fc4c4f1c51e6d75bc029695a5b87cff0"
        },
        {
          "type": "image",
          "assetId": "mnK2tNCD05vA",
          "checksum": "a739d14611bb628fa9506fc83e6a5c6e"
        },
        {
          "type": "image",
          "assetId": "TLd08IXFLyMM",
          "checksum": "0f9848bcb6035a0cad2f742e946ba44e"
        },
        {
          "type": "image",
          "assetId": "e2VSAPD7pQ6z",
          "checksum": "6340cafce2c58f9347ad6e13334b89ba"
        },
        {
          "type": "image",
          "assetId": "gYRj6_UJrnCM",
          "checksum": "3cef0a271efd372e0b9646c5dce0c6fa"
        },
        {
          "type": "image",
          "assetId": "J02wIx-esYI_",
          "checksum": "a4804715dfee8b98d3ff7c680666d30f"
        },
        {
          "type": "image",
          "assetId": "O-X4fk3b5gnf",
          "checksum": "1a547473c62cabbe991b7927bbd34bd4"
        },
        {
          "type": "image",
          "assetId": "yAabL4oiZD_l",
          "checksum": "684110c6d7bd0daddcbe8f2fcc8a786f"
        }
      ],
      "codegenVersion": "0.0.2"
    }
  ],
  "cliVersion": "0.1.347"
}
